// !$*UTF8*$!
{
	archiveVersion = 1;
	classes = {
	};
	objectVersion = 46;
	objects = {

/* Begin PBXBuildFile section */
		4D35D2D91B00E36B00A2813C /* References.md in Sources */ = {isa = PBXBuildFile; fileRef = 4D35D2D81B00E36B00A2813C /* References.md */; };
		4D35D2DB1B00E3B900A2813C /* SSASideMenu.swift in Sources */ = {isa = PBXBuildFile; fileRef = 4D35D2DA1B00E3B900A2813C /* SSASideMenu.swift */; };
		4D35D2DD1B00E4D200A2813C /* LeftMenuViewController.swift in Sources */ = {isa = PBXBuildFile; fileRef = 4D35D2DC1B00E4D200A2813C /* LeftMenuViewController.swift */; };
		4D35D2E51B00E6D700A2813C /* AnnViewController.swift in Sources */ = {isa = PBXBuildFile; fileRef = 4D35D2E41B00E6D700A2813C /* AnnViewController.swift */; };
		4D3637FE1AF26452001E054A /* AppDelegate.swift in Sources */ = {isa = PBXBuildFile; fileRef = 4D3637FD1AF26452001E054A /* AppDelegate.swift */; };
		4D3638001AF26452001E054A /* ViewController.swift in Sources */ = {isa = PBXBuildFile; fileRef = 4D3637FF1AF26452001E054A /* ViewController.swift */; };
		4D3638031AF26452001E054A /* Main.storyboard in Resources */ = {isa = PBXBuildFile; fileRef = 4D3638011AF26452001E054A /* Main.storyboard */; };
		4D3638051AF26452001E054A /* Images.xcassets in Resources */ = {isa = PBXBuildFile; fileRef = 4D3638041AF26452001E054A /* Images.xcassets */; };
		4D3638081AF26452001E054A /* LaunchScreen.xib in Resources */ = {isa = PBXBuildFile; fileRef = 4D3638061AF26452001E054A /* LaunchScreen.xib */; };
		4D3638141AF26452001E054A /* RidgeTests.swift in Sources */ = {isa = PBXBuildFile; fileRef = 4D3638131AF26452001E054A /* RidgeTests.swift */; };
		4D8265E41B0E1CBD00C2382E /* DetailTableViewController.m in Sources */ = {isa = PBXBuildFile; fileRef = 4D8265D01B0E1CBD00C2382E /* DetailTableViewController.m */; };
		4D8265E51B0E1CBD00C2382E /* GTMNSString+HTML.m in Sources */ = {isa = PBXBuildFile; fileRef = 4D8265D21B0E1CBD00C2382E /* GTMNSString+HTML.m */; };
		4D8265E61B0E1CBD00C2382E /* MWFeedInfo.m in Sources */ = {isa = PBXBuildFile; fileRef = 4D8265D41B0E1CBD00C2382E /* MWFeedInfo.m */; };
		4D8265E71B0E1CBD00C2382E /* MWFeedItem.m in Sources */ = {isa = PBXBuildFile; fileRef = 4D8265D61B0E1CBD00C2382E /* MWFeedItem.m */; };
		4D8265E81B0E1CBD00C2382E /* MWFeedParser.m in Sources */ = {isa = PBXBuildFile; fileRef = 4D8265D81B0E1CBD00C2382E /* MWFeedParser.m */; };
		4D8265E91B0E1CBD00C2382E /* MWFeedParserAppDelegate.m in Sources */ = {isa = PBXBuildFile; fileRef = 4D8265DB1B0E1CBD00C2382E /* MWFeedParserAppDelegate.m */; };
		4D8265EA1B0E1CBD00C2382E /* NSDate+InternetDateTime.m in Sources */ = {isa = PBXBuildFile; fileRef = 4D8265DD1B0E1CBD00C2382E /* NSDate+InternetDateTime.m */; };
		4D8265EB1B0E1CBD00C2382E /* NSString+HTML.m in Sources */ = {isa = PBXBuildFile; fileRef = 4D8265DF1B0E1CBD00C2382E /* NSString+HTML.m */; };
		4D8265EC1B0E1CBD00C2382E /* NSString+XMLEntities.m in Sources */ = {isa = PBXBuildFile; fileRef = 4D8265E11B0E1CBD00C2382E /* NSString+XMLEntities.m */; };
		4D8265ED1B0E1CBD00C2382E /* RootViewController.m in Sources */ = {isa = PBXBuildFile; fileRef = 4D8265E31B0E1CBD00C2382E /* RootViewController.m */; };
		4D936D921B04E5CD00A57488 /* AboutViewController.swift in Sources */ = {isa = PBXBuildFile; fileRef = 4D936D911B04E5CD00A57488 /* AboutViewController.swift */; };
		4D936D941B04E5F600A57488 /* SocialViewController.swift in Sources */ = {isa = PBXBuildFile; fileRef = 4D936D931B04E5F600A57488 /* SocialViewController.swift */; };
		4D936D961B04E60400A57488 /* ContactViewController.swift in Sources */ = {isa = PBXBuildFile; fileRef = 4D936D951B04E60400A57488 /* ContactViewController.swift */; };
		4D9E8F441B0FFB0F0067F9A2 /* Ridge.xcdatamodeld in Sources */ = {isa = PBXBuildFile; fileRef = 4D9E8F421B0FFB0F0067F9A2 /* Ridge.xcdatamodeld */; };
		4DB6D17A1B1897E600511DFF /* AFHTTPRequestOperation.m in Sources */ = {isa = PBXBuildFile; fileRef = 4DB6D1681B1897E600511DFF /* AFHTTPRequestOperation.m */; };
		4DB6D17B1B1897E600511DFF /* AFHTTPRequestOperationManager.m in Sources */ = {isa = PBXBuildFile; fileRef = 4DB6D16A1B1897E600511DFF /* AFHTTPRequestOperationManager.m */; };
		4DB6D17C1B1897E600511DFF /* AFHTTPSessionManager.m in Sources */ = {isa = PBXBuildFile; fileRef = 4DB6D16C1B1897E600511DFF /* AFHTTPSessionManager.m */; };
		4DB6D17D1B1897E600511DFF /* AFNetworkReachabilityManager.m in Sources */ = {isa = PBXBuildFile; fileRef = 4DB6D16F1B1897E600511DFF /* AFNetworkReachabilityManager.m */; };
		4DB6D17E1B1897E600511DFF /* AFSecurityPolicy.m in Sources */ = {isa = PBXBuildFile; fileRef = 4DB6D1711B1897E600511DFF /* AFSecurityPolicy.m */; };
		4DB6D17F1B1897E600511DFF /* AFURLConnectionOperation.m in Sources */ = {isa = PBXBuildFile; fileRef = 4DB6D1731B1897E600511DFF /* AFURLConnectionOperation.m */; };
		4DB6D1801B1897E600511DFF /* AFURLRequestSerialization.m in Sources */ = {isa = PBXBuildFile; fileRef = 4DB6D1751B1897E600511DFF /* AFURLRequestSerialization.m */; };
		4DB6D1811B1897E600511DFF /* AFURLResponseSerialization.m in Sources */ = {isa = PBXBuildFile; fileRef = 4DB6D1771B1897E600511DFF /* AFURLResponseSerialization.m */; };
		4DB6D1821B1897E600511DFF /* AFURLSessionManager.m in Sources */ = {isa = PBXBuildFile; fileRef = 4DB6D1791B1897E600511DFF /* AFURLSessionManager.m */; };
		4DB6D1951B18983600511DFF /* AFNetworkActivityIndicatorManager.m in Sources */ = {isa = PBXBuildFile; fileRef = 4DB6D1851B18983600511DFF /* AFNetworkActivityIndicatorManager.m */; };
		4DB6D1961B18983600511DFF /* UIActivityIndicatorView+AFNetworking.m in Sources */ = {isa = PBXBuildFile; fileRef = 4DB6D1871B18983600511DFF /* UIActivityIndicatorView+AFNetworking.m */; };
		4DB6D1971B18983600511DFF /* UIAlertView+AFNetworking.m in Sources */ = {isa = PBXBuildFile; fileRef = 4DB6D1891B18983600511DFF /* UIAlertView+AFNetworking.m */; };
		4DB6D1981B18983600511DFF /* UIButton+AFNetworking.m in Sources */ = {isa = PBXBuildFile; fileRef = 4DB6D18B1B18983600511DFF /* UIButton+AFNetworking.m */; };
		4DB6D1991B18983600511DFF /* UIImageView+AFNetworking.m in Sources */ = {isa = PBXBuildFile; fileRef = 4DB6D18D1B18983600511DFF /* UIImageView+AFNetworking.m */; };
		4DB6D19A1B18983600511DFF /* UIProgressView+AFNetworking.m in Sources */ = {isa = PBXBuildFile; fileRef = 4DB6D1901B18983600511DFF /* UIProgressView+AFNetworking.m */; };
		4DB6D19B1B18983600511DFF /* UIRefreshControl+AFNetworking.m in Sources */ = {isa = PBXBuildFile; fileRef = 4DB6D1921B18983600511DFF /* UIRefreshControl+AFNetworking.m */; };
		4DB6D19C1B18983600511DFF /* UIWebView+AFNetworking.m in Sources */ = {isa = PBXBuildFile; fileRef = 4DB6D1941B18983600511DFF /* UIWebView+AFNetworking.m */; };
		4DB6D1A31B18985200511DFF /* MBProgressHUD.m in Sources */ = {isa = PBXBuildFile; fileRef = 4DB6D1A01B18985200511DFF /* MBProgressHUD.m */; };
		4DB6D1A61B189A8800511DFF /* QuartzCore.framework in Frameworks */ = {isa = PBXBuildFile; fileRef = 4DB6D1A51B189A8800511DFF /* QuartzCore.framework */; };
		4DB6D1A81B189AFD00511DFF /* FeedItem.swift in Sources */ = {isa = PBXBuildFile; fileRef = 4DB6D1A71B189AFD00511DFF /* FeedItem.swift */; };
		4DEA5C5F1B0771F700C4B485 /* Twitter.framework in Frameworks */ = {isa = PBXBuildFile; fileRef = 4DEA5C5E1B0771F700C4B485 /* Twitter.framework */; };
/* End PBXBuildFile section */

/* Begin PBXContainerItemProxy section */
		4D36380E1AF26452001E054A /* PBXContainerItemProxy */ = {
			isa = PBXContainerItemProxy;
			containerPortal = 4D3637F01AF26452001E054A /* Project object */;
			proxyType = 1;
			remoteGlobalIDString = 4D3637F71AF26452001E054A;
			remoteInfo = Ridge;
		};
/* End PBXContainerItemProxy section */

/* Begin PBXFileReference section */
		4D35D2D81B00E36B00A2813C /* References.md */ = {isa = PBXFileReference; fileEncoding = 4; lastKnownFileType = net.daringfireball.markdown; path = References.md; sourceTree = "<group>"; };
		4D35D2DA1B00E3B900A2813C /* SSASideMenu.swift */ = {isa = PBXFileReference; fileEncoding = 4; lastKnownFileType = sourcecode.swift; path = SSASideMenu.swift; sourceTree = "<group>"; };
		4D35D2DC1B00E4D200A2813C /* LeftMenuViewController.swift */ = {isa = PBXFileReference; fileEncoding = 4; lastKnownFileType = sourcecode.swift; path = LeftMenuViewController.swift; sourceTree = "<group>"; };
		4D35D2E41B00E6D700A2813C /* AnnViewController.swift */ = {isa = PBXFileReference; fileEncoding = 4; lastKnownFileType = sourcecode.swift; path = AnnViewController.swift; sourceTree = "<group>"; };
		4D3637F81AF26452001E054A /* Ridge.app */ = {isa = PBXFileReference; explicitFileType = wrapper.application; includeInIndex = 0; path = Ridge.app; sourceTree = BUILT_PRODUCTS_DIR; };
		4D3637FC1AF26452001E054A /* Info.plist */ = {isa = PBXFileReference; lastKnownFileType = text.plist.xml; path = Info.plist; sourceTree = "<group>"; };
		4D3637FD1AF26452001E054A /* AppDelegate.swift */ = {isa = PBXFileReference; lastKnownFileType = sourcecode.swift; path = AppDelegate.swift; sourceTree = "<group>"; };
		4D3637FF1AF26452001E054A /* ViewController.swift */ = {isa = PBXFileReference; lastKnownFileType = sourcecode.swift; path = ViewController.swift; sourceTree = "<group>"; };
		4D3638021AF26452001E054A /* Base */ = {isa = PBXFileReference; lastKnownFileType = file.storyboard; name = Base; path = Base.lproj/Main.storyboard; sourceTree = "<group>"; };
		4D3638041AF26452001E054A /* Images.xcassets */ = {isa = PBXFileReference; lastKnownFileType = folder.assetcatalog; path = Images.xcassets; sourceTree = "<group>"; };
		4D3638071AF26452001E054A /* Base */ = {isa = PBXFileReference; lastKnownFileType = file.xib; name = Base; path = Base.lproj/LaunchScreen.xib; sourceTree = "<group>"; };
		4D36380D1AF26452001E054A /* RidgeTests.xctest */ = {isa = PBXFileReference; explicitFileType = wrapper.cfbundle; includeInIndex = 0; path = RidgeTests.xctest; sourceTree = BUILT_PRODUCTS_DIR; };
		4D3638121AF26452001E054A /* Info.plist */ = {isa = PBXFileReference; lastKnownFileType = text.plist.xml; path = Info.plist; sourceTree = "<group>"; };
		4D3638131AF26452001E054A /* RidgeTests.swift */ = {isa = PBXFileReference; lastKnownFileType = sourcecode.swift; path = RidgeTests.swift; sourceTree = "<group>"; };
		4D8265CF1B0E1CBD00C2382E /* DetailTableViewController.h */ = {isa = PBXFileReference; fileEncoding = 4; lastKnownFileType = sourcecode.c.h; path = DetailTableViewController.h; sourceTree = "<group>"; };
		4D8265D01B0E1CBD00C2382E /* DetailTableViewController.m */ = {isa = PBXFileReference; fileEncoding = 4; lastKnownFileType = sourcecode.c.objc; path = DetailTableViewController.m; sourceTree = "<group>"; };
		4D8265D11B0E1CBD00C2382E /* GTMNSString+HTML.h */ = {isa = PBXFileReference; fileEncoding = 4; lastKnownFileType = sourcecode.c.h; path = "GTMNSString+HTML.h"; sourceTree = "<group>"; };
		4D8265D21B0E1CBD00C2382E /* GTMNSString+HTML.m */ = {isa = PBXFileReference; fileEncoding = 4; lastKnownFileType = sourcecode.c.objc; path = "GTMNSString+HTML.m"; sourceTree = "<group>"; };
		4D8265D31B0E1CBD00C2382E /* MWFeedInfo.h */ = {isa = PBXFileReference; fileEncoding = 4; lastKnownFileType = sourcecode.c.h; path = MWFeedInfo.h; sourceTree = "<group>"; };
		4D8265D41B0E1CBD00C2382E /* MWFeedInfo.m */ = {isa = PBXFileReference; fileEncoding = 4; lastKnownFileType = sourcecode.c.objc; path = MWFeedInfo.m; sourceTree = "<group>"; };
		4D8265D51B0E1CBD00C2382E /* MWFeedItem.h */ = {isa = PBXFileReference; fileEncoding = 4; lastKnownFileType = sourcecode.c.h; path = MWFeedItem.h; sourceTree = "<group>"; };
		4D8265D61B0E1CBD00C2382E /* MWFeedItem.m */ = {isa = PBXFileReference; fileEncoding = 4; lastKnownFileType = sourcecode.c.objc; path = MWFeedItem.m; sourceTree = "<group>"; };
		4D8265D71B0E1CBD00C2382E /* MWFeedParser.h */ = {isa = PBXFileReference; fileEncoding = 4; lastKnownFileType = sourcecode.c.h; path = MWFeedParser.h; sourceTree = "<group>"; };
		4D8265D81B0E1CBD00C2382E /* MWFeedParser.m */ = {isa = PBXFileReference; fileEncoding = 4; lastKnownFileType = sourcecode.c.objc; path = MWFeedParser.m; sourceTree = "<group>"; };
		4D8265D91B0E1CBD00C2382E /* MWFeedParser_Private.h */ = {isa = PBXFileReference; fileEncoding = 4; lastKnownFileType = sourcecode.c.h; path = MWFeedParser_Private.h; sourceTree = "<group>"; };
		4D8265DA1B0E1CBD00C2382E /* MWFeedParserAppDelegate.h */ = {isa = PBXFileReference; fileEncoding = 4; lastKnownFileType = sourcecode.c.h; path = MWFeedParserAppDelegate.h; sourceTree = "<group>"; };
		4D8265DB1B0E1CBD00C2382E /* MWFeedParserAppDelegate.m */ = {isa = PBXFileReference; fileEncoding = 4; lastKnownFileType = sourcecode.c.objc; path = MWFeedParserAppDelegate.m; sourceTree = "<group>"; };
		4D8265DC1B0E1CBD00C2382E /* NSDate+InternetDateTime.h */ = {isa = PBXFileReference; fileEncoding = 4; lastKnownFileType = sourcecode.c.h; path = "NSDate+InternetDateTime.h"; sourceTree = "<group>"; };
		4D8265DD1B0E1CBD00C2382E /* NSDate+InternetDateTime.m */ = {isa = PBXFileReference; fileEncoding = 4; lastKnownFileType = sourcecode.c.objc; path = "NSDate+InternetDateTime.m"; sourceTree = "<group>"; };
		4D8265DE1B0E1CBD00C2382E /* NSString+HTML.h */ = {isa = PBXFileReference; fileEncoding = 4; lastKnownFileType = sourcecode.c.h; path = "NSString+HTML.h"; sourceTree = "<group>"; };
		4D8265DF1B0E1CBD00C2382E /* NSString+HTML.m */ = {isa = PBXFileReference; fileEncoding = 4; lastKnownFileType = sourcecode.c.objc; path = "NSString+HTML.m"; sourceTree = "<group>"; };
		4D8265E01B0E1CBD00C2382E /* NSString+XMLEntities.h */ = {isa = PBXFileReference; fileEncoding = 4; lastKnownFileType = sourcecode.c.h; path = "NSString+XMLEntities.h"; sourceTree = "<group>"; };
		4D8265E11B0E1CBD00C2382E /* NSString+XMLEntities.m */ = {isa = PBXFileReference; fileEncoding = 4; lastKnownFileType = sourcecode.c.objc; path = "NSString+XMLEntities.m"; sourceTree = "<group>"; };
		4D8265E21B0E1CBD00C2382E /* RootViewController.h */ = {isa = PBXFileReference; fileEncoding = 4; lastKnownFileType = sourcecode.c.h; path = RootViewController.h; sourceTree = "<group>"; };
		4D8265E31B0E1CBD00C2382E /* RootViewController.m */ = {isa = PBXFileReference; fileEncoding = 4; lastKnownFileType = sourcecode.c.objc; path = RootViewController.m; sourceTree = "<group>"; };
		4D936D911B04E5CD00A57488 /* AboutViewController.swift */ = {isa = PBXFileReference; fileEncoding = 4; lastKnownFileType = sourcecode.swift; path = AboutViewController.swift; sourceTree = "<group>"; };
		4D936D931B04E5F600A57488 /* SocialViewController.swift */ = {isa = PBXFileReference; fileEncoding = 4; lastKnownFileType = sourcecode.swift; path = SocialViewController.swift; sourceTree = "<group>"; };
		4D936D951B04E60400A57488 /* ContactViewController.swift */ = {isa = PBXFileReference; fileEncoding = 4; lastKnownFileType = sourcecode.swift; path = ContactViewController.swift; sourceTree = "<group>"; };
		4D9E8F431B0FFB0F0067F9A2 /* Ridge.xcdatamodel */ = {isa = PBXFileReference; lastKnownFileType = wrapper.xcdatamodel; path = Ridge.xcdatamodel; sourceTree = "<group>"; };
		4DB6D1671B1897E600511DFF /* AFHTTPRequestOperation.h */ = {isa = PBXFileReference; fileEncoding = 4; lastKnownFileType = sourcecode.c.h; path = AFHTTPRequestOperation.h; sourceTree = "<group>"; };
		4DB6D1681B1897E600511DFF /* AFHTTPRequestOperation.m */ = {isa = PBXFileReference; fileEncoding = 4; lastKnownFileType = sourcecode.c.objc; path = AFHTTPRequestOperation.m; sourceTree = "<group>"; };
		4DB6D1691B1897E600511DFF /* AFHTTPRequestOperationManager.h */ = {isa = PBXFileReference; fileEncoding = 4; lastKnownFileType = sourcecode.c.h; path = AFHTTPRequestOperationManager.h; sourceTree = "<group>"; };
		4DB6D16A1B1897E600511DFF /* AFHTTPRequestOperationManager.m */ = {isa = PBXFileReference; fileEncoding = 4; lastKnownFileType = sourcecode.c.objc; path = AFHTTPRequestOperationManager.m; sourceTree = "<group>"; };
		4DB6D16B1B1897E600511DFF /* AFHTTPSessionManager.h */ = {isa = PBXFileReference; fileEncoding = 4; lastKnownFileType = sourcecode.c.h; path = AFHTTPSessionManager.h; sourceTree = "<group>"; };
		4DB6D16C1B1897E600511DFF /* AFHTTPSessionManager.m */ = {isa = PBXFileReference; fileEncoding = 4; lastKnownFileType = sourcecode.c.objc; path = AFHTTPSessionManager.m; sourceTree = "<group>"; };
		4DB6D16D1B1897E600511DFF /* AFNetworking.h */ = {isa = PBXFileReference; fileEncoding = 4; lastKnownFileType = sourcecode.c.h; path = AFNetworking.h; sourceTree = "<group>"; };
		4DB6D16E1B1897E600511DFF /* AFNetworkReachabilityManager.h */ = {isa = PBXFileReference; fileEncoding = 4; lastKnownFileType = sourcecode.c.h; path = AFNetworkReachabilityManager.h; sourceTree = "<group>"; };
		4DB6D16F1B1897E600511DFF /* AFNetworkReachabilityManager.m */ = {isa = PBXFileReference; fileEncoding = 4; lastKnownFileType = sourcecode.c.objc; path = AFNetworkReachabilityManager.m; sourceTree = "<group>"; };
		4DB6D1701B1897E600511DFF /* AFSecurityPolicy.h */ = {isa = PBXFileReference; fileEncoding = 4; lastKnownFileType = sourcecode.c.h; path = AFSecurityPolicy.h; sourceTree = "<group>"; };
		4DB6D1711B1897E600511DFF /* AFSecurityPolicy.m */ = {isa = PBXFileReference; fileEncoding = 4; lastKnownFileType = sourcecode.c.objc; path = AFSecurityPolicy.m; sourceTree = "<group>"; };
		4DB6D1721B1897E600511DFF /* AFURLConnectionOperation.h */ = {isa = PBXFileReference; fileEncoding = 4; lastKnownFileType = sourcecode.c.h; path = AFURLConnectionOperation.h; sourceTree = "<group>"; };
		4DB6D1731B1897E600511DFF /* AFURLConnectionOperation.m */ = {isa = PBXFileReference; fileEncoding = 4; lastKnownFileType = sourcecode.c.objc; path = AFURLConnectionOperation.m; sourceTree = "<group>"; };
		4DB6D1741B1897E600511DFF /* AFURLRequestSerialization.h */ = {isa = PBXFileReference; fileEncoding = 4; lastKnownFileType = sourcecode.c.h; path = AFURLRequestSerialization.h; sourceTree = "<group>"; };
		4DB6D1751B1897E600511DFF /* AFURLRequestSerialization.m */ = {isa = PBXFileReference; fileEncoding = 4; lastKnownFileType = sourcecode.c.objc; path = AFURLRequestSerialization.m; sourceTree = "<group>"; };
		4DB6D1761B1897E600511DFF /* AFURLResponseSerialization.h */ = {isa = PBXFileReference; fileEncoding = 4; lastKnownFileType = sourcecode.c.h; path = AFURLResponseSerialization.h; sourceTree = "<group>"; };
		4DB6D1771B1897E600511DFF /* AFURLResponseSerialization.m */ = {isa = PBXFileReference; fileEncoding = 4; lastKnownFileType = sourcecode.c.objc; path = AFURLResponseSerialization.m; sourceTree = "<group>"; };
		4DB6D1781B1897E600511DFF /* AFURLSessionManager.h */ = {isa = PBXFileReference; fileEncoding = 4; lastKnownFileType = sourcecode.c.h; path = AFURLSessionManager.h; sourceTree = "<group>"; };
		4DB6D1791B1897E600511DFF /* AFURLSessionManager.m */ = {isa = PBXFileReference; fileEncoding = 4; lastKnownFileType = sourcecode.c.objc; path = AFURLSessionManager.m; sourceTree = "<group>"; };
		4DB6D1841B18983600511DFF /* AFNetworkActivityIndicatorManager.h */ = {isa = PBXFileReference; fileEncoding = 4; lastKnownFileType = sourcecode.c.h; path = AFNetworkActivityIndicatorManager.h; sourceTree = "<group>"; };
		4DB6D1851B18983600511DFF /* AFNetworkActivityIndicatorManager.m */ = {isa = PBXFileReference; fileEncoding = 4; lastKnownFileType = sourcecode.c.objc; path = AFNetworkActivityIndicatorManager.m; sourceTree = "<group>"; };
		4DB6D1861B18983600511DFF /* UIActivityIndicatorView+AFNetworking.h */ = {isa = PBXFileReference; fileEncoding = 4; lastKnownFileType = sourcecode.c.h; path = "UIActivityIndicatorView+AFNetworking.h"; sourceTree = "<group>"; };
		4DB6D1871B18983600511DFF /* UIActivityIndicatorView+AFNetworking.m */ = {isa = PBXFileReference; fileEncoding = 4; lastKnownFileType = sourcecode.c.objc; path = "UIActivityIndicatorView+AFNetworking.m"; sourceTree = "<group>"; };
		4DB6D1881B18983600511DFF /* UIAlertView+AFNetworking.h */ = {isa = PBXFileReference; fileEncoding = 4; lastKnownFileType = sourcecode.c.h; path = "UIAlertView+AFNetworking.h"; sourceTree = "<group>"; };
		4DB6D1891B18983600511DFF /* UIAlertView+AFNetworking.m */ = {isa = PBXFileReference; fileEncoding = 4; lastKnownFileType = sourcecode.c.objc; path = "UIAlertView+AFNetworking.m"; sourceTree = "<group>"; };
		4DB6D18A1B18983600511DFF /* UIButton+AFNetworking.h */ = {isa = PBXFileReference; fileEncoding = 4; lastKnownFileType = sourcecode.c.h; path = "UIButton+AFNetworking.h"; sourceTree = "<group>"; };
		4DB6D18B1B18983600511DFF /* UIButton+AFNetworking.m */ = {isa = PBXFileReference; fileEncoding = 4; lastKnownFileType = sourcecode.c.objc; path = "UIButton+AFNetworking.m"; sourceTree = "<group>"; };
		4DB6D18C1B18983600511DFF /* UIImageView+AFNetworking.h */ = {isa = PBXFileReference; fileEncoding = 4; lastKnownFileType = sourcecode.c.h; path = "UIImageView+AFNetworking.h"; sourceTree = "<group>"; };
		4DB6D18D1B18983600511DFF /* UIImageView+AFNetworking.m */ = {isa = PBXFileReference; fileEncoding = 4; lastKnownFileType = sourcecode.c.objc; path = "UIImageView+AFNetworking.m"; sourceTree = "<group>"; };
		4DB6D18E1B18983600511DFF /* UIKit+AFNetworking.h */ = {isa = PBXFileReference; fileEncoding = 4; lastKnownFileType = sourcecode.c.h; path = "UIKit+AFNetworking.h"; sourceTree = "<group>"; };
		4DB6D18F1B18983600511DFF /* UIProgressView+AFNetworking.h */ = {isa = PBXFileReference; fileEncoding = 4; lastKnownFileType = sourcecode.c.h; path = "UIProgressView+AFNetworking.h"; sourceTree = "<group>"; };
		4DB6D1901B18983600511DFF /* UIProgressView+AFNetworking.m */ = {isa = PBXFileReference; fileEncoding = 4; lastKnownFileType = sourcecode.c.objc; path = "UIProgressView+AFNetworking.m"; sourceTree = "<group>"; };
		4DB6D1911B18983600511DFF /* UIRefreshControl+AFNetworking.h */ = {isa = PBXFileReference; fileEncoding = 4; lastKnownFileType = sourcecode.c.h; path = "UIRefreshControl+AFNetworking.h"; sourceTree = "<group>"; };
		4DB6D1921B18983600511DFF /* UIRefreshControl+AFNetworking.m */ = {isa = PBXFileReference; fileEncoding = 4; lastKnownFileType = sourcecode.c.objc; path = "UIRefreshControl+AFNetworking.m"; sourceTree = "<group>"; };
		4DB6D1931B18983600511DFF /* UIWebView+AFNetworking.h */ = {isa = PBXFileReference; fileEncoding = 4; lastKnownFileType = sourcecode.c.h; path = "UIWebView+AFNetworking.h"; sourceTree = "<group>"; };
		4DB6D1941B18983600511DFF /* UIWebView+AFNetworking.m */ = {isa = PBXFileReference; fileEncoding = 4; lastKnownFileType = sourcecode.c.objc; path = "UIWebView+AFNetworking.m"; sourceTree = "<group>"; };
		4DB6D19F1B18985200511DFF /* MBProgressHUD.h */ = {isa = PBXFileReference; fileEncoding = 4; lastKnownFileType = sourcecode.c.h; path = MBProgressHUD.h; sourceTree = "<group>"; };
		4DB6D1A01B18985200511DFF /* MBProgressHUD.m */ = {isa = PBXFileReference; fileEncoding = 4; lastKnownFileType = sourcecode.c.objc; path = MBProgressHUD.m; sourceTree = "<group>"; };
		4DB6D1A51B189A8800511DFF /* QuartzCore.framework */ = {isa = PBXFileReference; lastKnownFileType = wrapper.framework; name = QuartzCore.framework; path = System/Library/Frameworks/QuartzCore.framework; sourceTree = SDKROOT; };
		4DB6D1A71B189AFD00511DFF /* FeedItem.swift */ = {isa = PBXFileReference; fileEncoding = 4; lastKnownFileType = sourcecode.swift; path = FeedItem.swift; sourceTree = "<group>"; };
		4DB6D1A91B189B8100511DFF /* Ridge-Bridging-Header.h */ = {isa = PBXFileReference; lastKnownFileType = sourcecode.c.h; path = "Ridge-Bridging-Header.h"; sourceTree = "<group>"; };
		4DEA5C5E1B0771F700C4B485 /* Twitter.framework */ = {isa = PBXFileReference; lastKnownFileType = wrapper.framework; name = Twitter.framework; path = System/Library/Frameworks/Twitter.framework; sourceTree = SDKROOT; };
/* End PBXFileReference section */

/* Begin PBXFrameworksBuildPhase section */
		4D3637F51AF26452001E054A /* Frameworks */ = {
			isa = PBXFrameworksBuildPhase;
			buildActionMask = 2147483647;
			files = (
				4DEA5C5F1B0771F700C4B485 /* Twitter.framework in Frameworks */,
				4DB6D1A61B189A8800511DFF /* QuartzCore.framework in Frameworks */,
			);
			runOnlyForDeploymentPostprocessing = 0;
		};
		4D36380A1AF26452001E054A /* Frameworks */ = {
			isa = PBXFrameworksBuildPhase;
			buildActionMask = 2147483647;
			files = (
			);
			runOnlyForDeploymentPostprocessing = 0;
		};
/* End PBXFrameworksBuildPhase section */

/* Begin PBXGroup section */
		4D3637EF1AF26452001E054A = {
			isa = PBXGroup;
			children = (
				4D3637FA1AF26452001E054A /* Ridge */,
				4D3638101AF26452001E054A /* RidgeTests */,
				4DEA5C5D1B0771C800C4B485 /* Frameworks */,
				4D3637F91AF26452001E054A /* Products */,
			);
			sourceTree = "<group>";
		};
		4D3637F91AF26452001E054A /* Products */ = {
			isa = PBXGroup;
			children = (
				4D3637F81AF26452001E054A /* Ridge.app */,
				4D36380D1AF26452001E054A /* RidgeTests.xctest */,
			);
			name = Products;
			sourceTree = "<group>";
		};
		4D3637FA1AF26452001E054A /* Ridge */ = {
			isa = PBXGroup;
			children = (
				4D3637FD1AF26452001E054A /* AppDelegate.swift */,
				4D3637FF1AF26452001E054A /* ViewController.swift */,
				4DB6D1A71B189AFD00511DFF /* FeedItem.swift */,
				4D3638011AF26452001E054A /* Main.storyboard */,
				4D9E8F421B0FFB0F0067F9A2 /* Ridge.xcdatamodeld */,
				4D35D2E41B00E6D700A2813C /* AnnViewController.swift */,
				4D936D911B04E5CD00A57488 /* AboutViewController.swift */,
				4D936D931B04E5F600A57488 /* SocialViewController.swift */,
				4D936D951B04E60400A57488 /* ContactViewController.swift */,
				4D35D2DC1B00E4D200A2813C /* LeftMenuViewController.swift */,
				4D3638041AF26452001E054A /* Images.xcassets */,
				4D3638061AF26452001E054A /* LaunchScreen.xib */,
				4D3637FB1AF26452001E054A /* Supporting Files */,
			);
			path = Ridge;
			sourceTree = "<group>";
		};
		4D3637FB1AF26452001E054A /* Supporting Files */ = {
			isa = PBXGroup;
			children = (
				4D3637FC1AF26452001E054A /* Info.plist */,
				4D35D2D81B00E36B00A2813C /* References.md */,
				4D35D2DA1B00E3B900A2813C /* SSASideMenu.swift */,
				4DB6D1661B1897E600511DFF /* AFNetworking */,
				4D8265CE1B0E1CBD00C2382E /* MWFeedParser */,
				4DB6D19D1B18985200511DFF /* MBProgressHUD */,
				4DB6D1831B18983600511DFF /* UIKit+AFNetworking */,
				4DB6D1A91B189B8100511DFF /* Ridge-Bridging-Header.h */,
			);
			name = "Supporting Files";
			sourceTree = "<group>";
		};
		4D3638101AF26452001E054A /* RidgeTests */ = {
			isa = PBXGroup;
			children = (
				4D3638131AF26452001E054A /* RidgeTests.swift */,
				4D3638111AF26452001E054A /* Supporting Files */,
			);
			path = RidgeTests;
			sourceTree = "<group>";
		};
		4D3638111AF26452001E054A /* Supporting Files */ = {
			isa = PBXGroup;
			children = (
				4D3638121AF26452001E054A /* Info.plist */,
			);
			name = "Supporting Files";
			sourceTree = "<group>";
		};
		4D8265CE1B0E1CBD00C2382E /* MWFeedParser */ = {
			isa = PBXGroup;
			children = (
				4D8265CF1B0E1CBD00C2382E /* DetailTableViewController.h */,
				4D8265D01B0E1CBD00C2382E /* DetailTableViewController.m */,
				4D8265D11B0E1CBD00C2382E /* GTMNSString+HTML.h */,
				4D8265D21B0E1CBD00C2382E /* GTMNSString+HTML.m */,
				4D8265D31B0E1CBD00C2382E /* MWFeedInfo.h */,
				4D8265D41B0E1CBD00C2382E /* MWFeedInfo.m */,
				4D8265D51B0E1CBD00C2382E /* MWFeedItem.h */,
				4D8265D61B0E1CBD00C2382E /* MWFeedItem.m */,
				4D8265D71B0E1CBD00C2382E /* MWFeedParser.h */,
				4D8265D81B0E1CBD00C2382E /* MWFeedParser.m */,
				4D8265D91B0E1CBD00C2382E /* MWFeedParser_Private.h */,
				4D8265DA1B0E1CBD00C2382E /* MWFeedParserAppDelegate.h */,
				4D8265DB1B0E1CBD00C2382E /* MWFeedParserAppDelegate.m */,
				4D8265DC1B0E1CBD00C2382E /* NSDate+InternetDateTime.h */,
				4D8265DD1B0E1CBD00C2382E /* NSDate+InternetDateTime.m */,
				4D8265DE1B0E1CBD00C2382E /* NSString+HTML.h */,
				4D8265DF1B0E1CBD00C2382E /* NSString+HTML.m */,
				4D8265E01B0E1CBD00C2382E /* NSString+XMLEntities.h */,
				4D8265E11B0E1CBD00C2382E /* NSString+XMLEntities.m */,
				4D8265E21B0E1CBD00C2382E /* RootViewController.h */,
				4D8265E31B0E1CBD00C2382E /* RootViewController.m */,
			);
			path = MWFeedParser;
			sourceTree = "<group>";
		};
		4DB6D1661B1897E600511DFF /* AFNetworking */ = {
			isa = PBXGroup;
			children = (
				4DB6D1671B1897E600511DFF /* AFHTTPRequestOperation.h */,
				4DB6D1681B1897E600511DFF /* AFHTTPRequestOperation.m */,
				4DB6D1691B1897E600511DFF /* AFHTTPRequestOperationManager.h */,
				4DB6D16A1B1897E600511DFF /* AFHTTPRequestOperationManager.m */,
				4DB6D16B1B1897E600511DFF /* AFHTTPSessionManager.h */,
				4DB6D16C1B1897E600511DFF /* AFHTTPSessionManager.m */,
				4DB6D16D1B1897E600511DFF /* AFNetworking.h */,
				4DB6D16E1B1897E600511DFF /* AFNetworkReachabilityManager.h */,
				4DB6D16F1B1897E600511DFF /* AFNetworkReachabilityManager.m */,
				4DB6D1701B1897E600511DFF /* AFSecurityPolicy.h */,
				4DB6D1711B1897E600511DFF /* AFSecurityPolicy.m */,
				4DB6D1721B1897E600511DFF /* AFURLConnectionOperation.h */,
				4DB6D1731B1897E600511DFF /* AFURLConnectionOperation.m */,
				4DB6D1741B1897E600511DFF /* AFURLRequestSerialization.h */,
				4DB6D1751B1897E600511DFF /* AFURLRequestSerialization.m */,
				4DB6D1761B1897E600511DFF /* AFURLResponseSerialization.h */,
				4DB6D1771B1897E600511DFF /* AFURLResponseSerialization.m */,
				4DB6D1781B1897E600511DFF /* AFURLSessionManager.h */,
				4DB6D1791B1897E600511DFF /* AFURLSessionManager.m */,
			);
			path = AFNetworking;
			sourceTree = "<group>";
		};
		4DB6D1831B18983600511DFF /* UIKit+AFNetworking */ = {
			isa = PBXGroup;
			children = (
				4DB6D1841B18983600511DFF /* AFNetworkActivityIndicatorManager.h */,
				4DB6D1851B18983600511DFF /* AFNetworkActivityIndicatorManager.m */,
				4DB6D1861B18983600511DFF /* UIActivityIndicatorView+AFNetworking.h */,
				4DB6D1871B18983600511DFF /* UIActivityIndicatorView+AFNetworking.m */,
				4DB6D1881B18983600511DFF /* UIAlertView+AFNetworking.h */,
				4DB6D1891B18983600511DFF /* UIAlertView+AFNetworking.m */,
				4DB6D18A1B18983600511DFF /* UIButton+AFNetworking.h */,
				4DB6D18B1B18983600511DFF /* UIButton+AFNetworking.m */,
				4DB6D18C1B18983600511DFF /* UIImageView+AFNetworking.h */,
				4DB6D18D1B18983600511DFF /* UIImageView+AFNetworking.m */,
				4DB6D18E1B18983600511DFF /* UIKit+AFNetworking.h */,
				4DB6D18F1B18983600511DFF /* UIProgressView+AFNetworking.h */,
				4DB6D1901B18983600511DFF /* UIProgressView+AFNetworking.m */,
				4DB6D1911B18983600511DFF /* UIRefreshControl+AFNetworking.h */,
				4DB6D1921B18983600511DFF /* UIRefreshControl+AFNetworking.m */,
				4DB6D1931B18983600511DFF /* UIWebView+AFNetworking.h */,
				4DB6D1941B18983600511DFF /* UIWebView+AFNetworking.m */,
			);
			path = "UIKit+AFNetworking";
			sourceTree = "<group>";
		};
		4DB6D19D1B18985200511DFF /* MBProgressHUD */ = {
			isa = PBXGroup;
			children = (
				4DB6D19F1B18985200511DFF /* MBProgressHUD.h */,
				4DB6D1A01B18985200511DFF /* MBProgressHUD.m */,
			);
			path = MBProgressHUD;
			sourceTree = "<group>";
		};
		4DEA5C5D1B0771C800C4B485 /* Frameworks */ = {
			isa = PBXGroup;
			children = (
				4DEA5C5E1B0771F700C4B485 /* Twitter.framework */,
				4DB6D1A51B189A8800511DFF /* QuartzCore.framework */,
			);
			name = Frameworks;
			sourceTree = "<group>";
		};
/* End PBXGroup section */

/* Begin PBXNativeTarget section */
		4D3637F71AF26452001E054A /* Ridge */ = {
			isa = PBXNativeTarget;
			buildConfigurationList = 4D3638171AF26452001E054A /* Build configuration list for PBXNativeTarget "Ridge" */;
			buildPhases = (
				4D3637F41AF26452001E054A /* Sources */,
				4D3637F51AF26452001E054A /* Frameworks */,
				4D3637F61AF26452001E054A /* Resources */,
			);
			buildRules = (
			);
			dependencies = (
			);
			name = Ridge;
			productName = Ridge;
			productReference = 4D3637F81AF26452001E054A /* Ridge.app */;
			productType = "com.apple.product-type.application";
		};
		4D36380C1AF26452001E054A /* RidgeTests */ = {
			isa = PBXNativeTarget;
			buildConfigurationList = 4D36381A1AF26452001E054A /* Build configuration list for PBXNativeTarget "RidgeTests" */;
			buildPhases = (
				4D3638091AF26452001E054A /* Sources */,
				4D36380A1AF26452001E054A /* Frameworks */,
				4D36380B1AF26452001E054A /* Resources */,
			);
			buildRules = (
			);
			dependencies = (
				4D36380F1AF26452001E054A /* PBXTargetDependency */,
			);
			name = RidgeTests;
			productName = RidgeTests;
			productReference = 4D36380D1AF26452001E054A /* RidgeTests.xctest */;
			productType = "com.apple.product-type.bundle.unit-test";
		};
/* End PBXNativeTarget section */

/* Begin PBXProject section */
		4D3637F01AF26452001E054A /* Project object */ = {
			isa = PBXProject;
			attributes = {
				LastUpgradeCheck = 0630;
				ORGANIZATIONNAME = "Justin Bush";
				TargetAttributes = {
					4D3637F71AF26452001E054A = {
						CreatedOnToolsVersion = 6.3.1;
					};
					4D36380C1AF26452001E054A = {
						CreatedOnToolsVersion = 6.3.1;
						TestTargetID = 4D3637F71AF26452001E054A;
					};
				};
			};
			buildConfigurationList = 4D3637F31AF26452001E054A /* Build configuration list for PBXProject "Ridge" */;
			compatibilityVersion = "Xcode 3.2";
			developmentRegion = English;
			hasScannedForEncodings = 0;
			knownRegions = (
				en,
				Base,
			);
			mainGroup = 4D3637EF1AF26452001E054A;
			productRefGroup = 4D3637F91AF26452001E054A /* Products */;
			projectDirPath = "";
			projectRoot = "";
			targets = (
				4D3637F71AF26452001E054A /* Ridge */,
				4D36380C1AF26452001E054A /* RidgeTests */,
			);
		};
/* End PBXProject section */

/* Begin PBXResourcesBuildPhase section */
		4D3637F61AF26452001E054A /* Resources */ = {
			isa = PBXResourcesBuildPhase;
			buildActionMask = 2147483647;
			files = (
				4D3638031AF26452001E054A /* Main.storyboard in Resources */,
				4D3638081AF26452001E054A /* LaunchScreen.xib in Resources */,
				4D3638051AF26452001E054A /* Images.xcassets in Resources */,
			);
			runOnlyForDeploymentPostprocessing = 0;
		};
		4D36380B1AF26452001E054A /* Resources */ = {
			isa = PBXResourcesBuildPhase;
			buildActionMask = 2147483647;
			files = (
			);
			runOnlyForDeploymentPostprocessing = 0;
		};
/* End PBXResourcesBuildPhase section */

/* Begin PBXSourcesBuildPhase section */
		4D3637F41AF26452001E054A /* Sources */ = {
			isa = PBXSourcesBuildPhase;
			buildActionMask = 2147483647;
			files = (
				4DB6D1971B18983600511DFF /* UIAlertView+AFNetworking.m in Sources */,
				4DB6D1991B18983600511DFF /* UIImageView+AFNetworking.m in Sources */,
				4DB6D1801B1897E600511DFF /* AFURLRequestSerialization.m in Sources */,
				4DB6D17F1B1897E600511DFF /* AFURLConnectionOperation.m in Sources */,
				4DB6D1961B18983600511DFF /* UIActivityIndicatorView+AFNetworking.m in Sources */,
				4D8265E41B0E1CBD00C2382E /* DetailTableViewController.m in Sources */,
				4DB6D1981B18983600511DFF /* UIButton+AFNetworking.m in Sources */,
				4DB6D1A31B18985200511DFF /* MBProgressHUD.m in Sources */,
				4D8265ED1B0E1CBD00C2382E /* RootViewController.m in Sources */,
				4D35D2E51B00E6D700A2813C /* AnnViewController.swift in Sources */,
				4DB6D1821B1897E600511DFF /* AFURLSessionManager.m in Sources */,
				4D8265E81B0E1CBD00C2382E /* MWFeedParser.m in Sources */,
				4D3638001AF26452001E054A /* ViewController.swift in Sources */,
				4D8265EA1B0E1CBD00C2382E /* NSDate+InternetDateTime.m in Sources */,
				4DB6D17E1B1897E600511DFF /* AFSecurityPolicy.m in Sources */,
				4DB6D19B1B18983600511DFF /* UIRefreshControl+AFNetworking.m in Sources */,
				4DB6D19A1B18983600511DFF /* UIProgressView+AFNetworking.m in Sources */,
				4DB6D17A1B1897E600511DFF /* AFHTTPRequestOperation.m in Sources */,
				4D8265EB1B0E1CBD00C2382E /* NSString+HTML.m in Sources */,
				4D35D2DB1B00E3B900A2813C /* SSASideMenu.swift in Sources */,
				4D8265E71B0E1CBD00C2382E /* MWFeedItem.m in Sources */,
				4DB6D1951B18983600511DFF /* AFNetworkActivityIndicatorManager.m in Sources */,
				4D9E8F441B0FFB0F0067F9A2 /* Ridge.xcdatamodeld in Sources */,
				4D8265E51B0E1CBD00C2382E /* GTMNSString+HTML.m in Sources */,
				4DB6D19C1B18983600511DFF /* UIWebView+AFNetworking.m in Sources */,
				4D936D921B04E5CD00A57488 /* AboutViewController.swift in Sources */,
				4DB6D17C1B1897E600511DFF /* AFHTTPSessionManager.m in Sources */,
				4D3637FE1AF26452001E054A /* AppDelegate.swift in Sources */,
				4D936D961B04E60400A57488 /* ContactViewController.swift in Sources */,
				4D8265EC1B0E1CBD00C2382E /* NSString+XMLEntities.m in Sources */,
				4DB6D17B1B1897E600511DFF /* AFHTTPRequestOperationManager.m in Sources */,
				4D8265E91B0E1CBD00C2382E /* MWFeedParserAppDelegate.m in Sources */,
				4DB6D1A81B189AFD00511DFF /* FeedItem.swift in Sources */,
				4D35D2D91B00E36B00A2813C /* References.md in Sources */,
				4D35D2DD1B00E4D200A2813C /* LeftMenuViewController.swift in Sources */,
				4D936D941B04E5F600A57488 /* SocialViewController.swift in Sources */,
				4DB6D17D1B1897E600511DFF /* AFNetworkReachabilityManager.m in Sources */,
				4DB6D1811B1897E600511DFF /* AFURLResponseSerialization.m in Sources */,
				4D8265E61B0E1CBD00C2382E /* MWFeedInfo.m in Sources */,
			);
			runOnlyForDeploymentPostprocessing = 0;
		};
		4D3638091AF26452001E054A /* Sources */ = {
			isa = PBXSourcesBuildPhase;
			buildActionMask = 2147483647;
			files = (
				4D3638141AF26452001E054A /* RidgeTests.swift in Sources */,
			);
			runOnlyForDeploymentPostprocessing = 0;
		};
/* End PBXSourcesBuildPhase section */

/* Begin PBXTargetDependency section */
		4D36380F1AF26452001E054A /* PBXTargetDependency */ = {
			isa = PBXTargetDependency;
			target = 4D3637F71AF26452001E054A /* Ridge */;
			targetProxy = 4D36380E1AF26452001E054A /* PBXContainerItemProxy */;
		};
/* End PBXTargetDependency section */

/* Begin PBXVariantGroup section */
		4D3638011AF26452001E054A /* Main.storyboard */ = {
			isa = PBXVariantGroup;
			children = (
				4D3638021AF26452001E054A /* Base */,
			);
			name = Main.storyboard;
			sourceTree = "<group>";
		};
		4D3638061AF26452001E054A /* LaunchScreen.xib */ = {
			isa = PBXVariantGroup;
			children = (
				4D3638071AF26452001E054A /* Base */,
			);
			name = LaunchScreen.xib;
			sourceTree = "<group>";
		};
/* End PBXVariantGroup section */

/* Begin XCBuildConfiguration section */
		4D3638151AF26452001E054A /* Debug */ = {
			isa = XCBuildConfiguration;
			buildSettings = {
				ALWAYS_SEARCH_USER_PATHS = NO;
				CLANG_CXX_LANGUAGE_STANDARD = "gnu++0x";
				CLANG_CXX_LIBRARY = "libc++";
				CLANG_ENABLE_MODULES = YES;
				CLANG_ENABLE_OBJC_ARC = YES;
				CLANG_WARN_BOOL_CONVERSION = YES;
				CLANG_WARN_CONSTANT_CONVERSION = YES;
				CLANG_WARN_DIRECT_OBJC_ISA_USAGE = YES_ERROR;
				CLANG_WARN_EMPTY_BODY = YES;
				CLANG_WARN_ENUM_CONVERSION = YES;
				CLANG_WARN_INT_CONVERSION = YES;
				CLANG_WARN_OBJC_ROOT_CLASS = YES_ERROR;
				CLANG_WARN_UNREACHABLE_CODE = YES;
				CLANG_WARN__DUPLICATE_METHOD_MATCH = YES;
				"CODE_SIGN_IDENTITY[sdk=iphoneos*]" = "iPhone Developer";
				COPY_PHASE_STRIP = NO;
				DEBUG_INFORMATION_FORMAT = "dwarf-with-dsym";
				ENABLE_STRICT_OBJC_MSGSEND = YES;
				GCC_C_LANGUAGE_STANDARD = gnu99;
				GCC_DYNAMIC_NO_PIC = NO;
				GCC_NO_COMMON_BLOCKS = YES;
				GCC_OPTIMIZATION_LEVEL = 0;
				GCC_PREPROCESSOR_DEFINITIONS = (
					"DEBUG=1",
					"$(inherited)",
				);
				GCC_SYMBOLS_PRIVATE_EXTERN = NO;
				GCC_WARN_64_TO_32_BIT_CONVERSION = YES;
				GCC_WARN_ABOUT_RETURN_TYPE = YES_ERROR;
				GCC_WARN_UNDECLARED_SELECTOR = YES;
				GCC_WARN_UNINITIALIZED_AUTOS = YES_AGGRESSIVE;
				GCC_WARN_UNUSED_FUNCTION = YES;
				GCC_WARN_UNUSED_VARIABLE = YES;
				IPHONEOS_DEPLOYMENT_TARGET = 8.3;
				MTL_ENABLE_DEBUG_INFO = YES;
				ONLY_ACTIVE_ARCH = YES;
				SDKROOT = iphoneos;
				SWIFT_OPTIMIZATION_LEVEL = "-Onone";
				TARGETED_DEVICE_FAMILY = "1,2";
			};
			name = Debug;
		};
		4D3638161AF26452001E054A /* Release */ = {
			isa = XCBuildConfiguration;
			buildSettings = {
				ALWAYS_SEARCH_USER_PATHS = NO;
				CLANG_CXX_LANGUAGE_STANDARD = "gnu++0x";
				CLANG_CXX_LIBRARY = "libc++";
				CLANG_ENABLE_MODULES = YES;
				CLANG_ENABLE_OBJC_ARC = YES;
				CLANG_WARN_BOOL_CONVERSION = YES;
				CLANG_WARN_CONSTANT_CONVERSION = YES;
				CLANG_WARN_DIRECT_OBJC_ISA_USAGE = YES_ERROR;
				CLANG_WARN_EMPTY_BODY = YES;
				CLANG_WARN_ENUM_CONVERSION = YES;
				CLANG_WARN_INT_CONVERSION = YES;
				CLANG_WARN_OBJC_ROOT_CLASS = YES_ERROR;
				CLANG_WARN_UNREACHABLE_CODE = YES;
				CLANG_WARN__DUPLICATE_METHOD_MATCH = YES;
				"CODE_SIGN_IDENTITY[sdk=iphoneos*]" = "iPhone Developer";
				COPY_PHASE_STRIP = NO;
				DEBUG_INFORMATION_FORMAT = "dwarf-with-dsym";
				ENABLE_NS_ASSERTIONS = NO;
				ENABLE_STRICT_OBJC_MSGSEND = YES;
				GCC_C_LANGUAGE_STANDARD = gnu99;
				GCC_NO_COMMON_BLOCKS = YES;
				GCC_WARN_64_TO_32_BIT_CONVERSION = YES;
				GCC_WARN_ABOUT_RETURN_TYPE = YES_ERROR;
				GCC_WARN_UNDECLARED_SELECTOR = YES;
				GCC_WARN_UNINITIALIZED_AUTOS = YES_AGGRESSIVE;
				GCC_WARN_UNUSED_FUNCTION = YES;
				GCC_WARN_UNUSED_VARIABLE = YES;
				IPHONEOS_DEPLOYMENT_TARGET = 8.3;
				MTL_ENABLE_DEBUG_INFO = NO;
				SDKROOT = iphoneos;
				TARGETED_DEVICE_FAMILY = "1,2";
				VALIDATE_PRODUCT = YES;
			};
			name = Release;
		};
		4D3638181AF26452001E054A /* Debug */ = {
			isa = XCBuildConfiguration;
			buildSettings = {
				ASSETCATALOG_COMPILER_APPICON_NAME = AppIcon;
				INFOPLIST_FILE = Ridge/Info.plist;
				IPHONEOS_DEPLOYMENT_TARGET = 8.0;
				LD_RUNPATH_SEARCH_PATHS = "$(inherited) @executable_path/Frameworks";
				PRODUCT_NAME = "$(TARGET_NAME)";
				SWIFT_OBJC_BRIDGING_HEADER = "Ridge/Ridge-Bridging-Header.h";
			};
			name = Debug;
		};
		4D3638191AF26452001E054A /* Release */ = {
			isa = XCBuildConfiguration;
			buildSettings = {
				ASSETCATALOG_COMPILER_APPICON_NAME = AppIcon;
				INFOPLIST_FILE = Ridge/Info.plist;
				IPHONEOS_DEPLOYMENT_TARGET = 8.0;
				LD_RUNPATH_SEARCH_PATHS = "$(inherited) @executable_path/Frameworks";
				PRODUCT_NAME = "$(TARGET_NAME)";
				SWIFT_OBJC_BRIDGING_HEADER = "Ridge/Ridge-Bridging-Header.h";
			};
			name = Release;
		};
		4D36381B1AF26452001E054A /* Debug */ = {
			isa = XCBuildConfiguration;
			buildSettings = {
				BUNDLE_LOADER = "$(TEST_HOST)";
				FRAMEWORK_SEARCH_PATHS = (
					"$(SDKROOT)/Developer/Library/Frameworks",
					"$(inherited)",
				);
				GCC_PREPROCESSOR_DEFINITIONS = (
					"DEBUG=1",
					"$(inherited)",
				);
				INFOPLIST_FILE = RidgeTests/Info.plist;
				LD_RUNPATH_SEARCH_PATHS = "$(inherited) @executable_path/Frameworks @loader_path/Frameworks";
				PRODUCT_NAME = "$(TARGET_NAME)";
				TEST_HOST = "$(BUILT_PRODUCTS_DIR)/Ridge.app/Ridge";
			};
			name = Debug;
		};
		4D36381C1AF26452001E054A /* Release */ = {
			isa = XCBuildConfiguration;
			buildSettings = {
				BUNDLE_LOADER = "$(TEST_HOST)";
				FRAMEWORK_SEARCH_PATHS = (
					"$(SDKROOT)/Developer/Library/Frameworks",
					"$(inherited)",
				);
				INFOPLIST_FILE = RidgeTests/Info.plist;
				LD_RUNPATH_SEARCH_PATHS = "$(inherited) @executable_path/Frameworks @loader_path/Frameworks";
				PRODUCT_NAME = "$(TARGET_NAME)";
				TEST_HOST = "$(BUILT_PRODUCTS_DIR)/Ridge.app/Ridge";
			};
			name = Release;
		};
/* End XCBuildConfiguration section */

/* Begin XCConfigurationList section */
		4D3637F31AF26452001E054A /* Build configuration list for PBXProject "Ridge" */ = {
			isa = XCConfigurationList;
			buildConfigurations = (
				4D3638151AF26452001E054A /* Debug */,
				4D3638161AF26452001E054A /* Release */,
			);
			defaultConfigurationIsVisible = 0;
			defaultConfigurationName = Release;
		};
		4D3638171AF26452001E054A /* Build configuration list for PBXNativeTarget "Ridge" */ = {
			isa = XCConfigurationList;
			buildConfigurations = (
				4D3638181AF26452001E054A /* Debug */,
				4D3638191AF26452001E054A /* Release */,
			);
			defaultConfigurationIsVisible = 0;
			defaultConfigurationName = Release;
		};
		4D36381A1AF26452001E054A /* Build configuration list for PBXNativeTarget "RidgeTests" */ = {
			isa = XCConfigurationList;
			buildConfigurations = (
				4D36381B1AF26452001E054A /* Debug */,
				4D36381C1AF26452001E054A /* Release */,
			);
			defaultConfigurationIsVisible = 0;
			defaultConfigurationName = Release;
		};
/* End XCConfigurationList section */

/* Begin XCVersionGroup section */
		4D9E8F421B0FFB0F0067F9A2 /* Ridge.xcdatamodeld */ = {
			isa = XCVersionGroup;
			children = (
				4D9E8F431B0FFB0F0067F9A2 /* Ridge.xcdatamodel */,
			);
			currentVersion = 4D9E8F431B0FFB0F0067F9A2 /* Ridge.xcdatamodel */;
			path = Ridge.xcdatamodeld;
			sourceTree = "<group>";
			versionGroupType = wrapper.xcdatamodel;
		};
/* End XCVersionGroup section */
	};
	rootObject = 4D3637F01AF26452001E054A /* Project object */;
}
