// !$*UTF8*$!
{
	archiveVersion = 1;
	classes = {
	};
	objectVersion = 46;
	objects = {

/* Begin PBXBuildFile section */
		4D35D2D91B00E36B00A2813C /* References.md in Sources */ = {isa = PBXBuildFile; fileRef = 4D35D2D81B00E36B00A2813C /* References.md */; };
		4D35D2DB1B00E3B900A2813C /* SSASideMenu.swift in Sources */ = {isa = PBXBuildFile; fileRef = 4D35D2DA1B00E3B900A2813C /* SSASideMenu.swift */; };
		4D35D2DD1B00E4D200A2813C /* LeftMenuViewController.swift in Sources */ = {isa = PBXBuildFile; fileRef = 4D35D2DC1B00E4D200A2813C /* LeftMenuViewController.swift */; };
		4D35D2E51B00E6D700A2813C /* AnnViewController.swift in Sources */ = {isa = PBXBuildFile; fileRef = 4D35D2E41B00E6D700A2813C /* AnnViewController.swift */; };
		4D3637FE1AF26452001E054A /* AppDelegate.swift in Sources */ = {isa = PBXBuildFile; fileRef = 4D3637FD1AF26452001E054A /* AppDelegate.swift */; };
		4D3638001AF26452001E054A /* ViewController.swift in Sources */ = {isa = PBXBuildFile; fileRef = 4D3637FF1AF26452001E054A /* ViewController.swift */; };
		4D3638031AF26452001E054A /* Main.storyboard in Resources */ = {isa = PBXBuildFile; fileRef = 4D3638011AF26452001E054A /* Main.storyboard */; };
		4D3638051AF26452001E054A /* Images.xcassets in Resources */ = {isa = PBXBuildFile; fileRef = 4D3638041AF26452001E054A /* Images.xcassets */; };
		4D3638081AF26452001E054A /* LaunchScreen.xib in Resources */ = {isa = PBXBuildFile; fileRef = 4D3638061AF26452001E054A /* LaunchScreen.xib */; };
		4D3638141AF26452001E054A /* RidgeTests.swift in Sources */ = {isa = PBXBuildFile; fileRef = 4D3638131AF26452001E054A /* RidgeTests.swift */; };
/* End PBXBuildFile section */

/* Begin PBXContainerItemProxy section */
		4D36380E1AF26452001E054A /* PBXContainerItemProxy */ = {
			isa = PBXContainerItemProxy;
			containerPortal = 4D3637F01AF26452001E054A /* Project object */;
			proxyType = 1;
			remoteGlobalIDString = 4D3637F71AF26452001E054A;
			remoteInfo = Ridge;
		};
/* End PBXContainerItemProxy section */

/* Begin PBXFileReference section */
		4D35D2D81B00E36B00A2813C /* References.md */ = {isa = PBXFileReference; fileEncoding = 4; lastKnownFileType = net.daringfireball.markdown; path = References.md; sourceTree = "<group>"; };
		4D35D2DA1B00E3B900A2813C /* SSASideMenu.swift */ = {isa = PBXFileReference; fileEncoding = 4; lastKnownFileType = sourcecode.swift; path = SSASideMenu.swift; sourceTree = "<group>"; };
		4D35D2DC1B00E4D200A2813C /* LeftMenuViewController.swift */ = {isa = PBXFileReference; fileEncoding = 4; lastKnownFileType = sourcecode.swift; path = LeftMenuViewController.swift; sourceTree = "<group>"; };
		4D35D2E41B00E6D700A2813C /* AnnViewController.swift */ = {isa = PBXFileReference; fileEncoding = 4; lastKnownFileType = sourcecode.swift; path = AnnViewController.swift; sourceTree = "<group>"; };
		4D3637F81AF26452001E054A /* Ridge.app */ = {isa = PBXFileReference; explicitFileType = wrapper.application; includeInIndex = 0; path = Ridge.app; sourceTree = BUILT_PRODUCTS_DIR; };
		4D3637FC1AF26452001E054A /* Info.plist */ = {isa = PBXFileReference; lastKnownFileType = text.plist.xml; path = Info.plist; sourceTree = "<group>"; };
		4D3637FD1AF26452001E054A /* AppDelegate.swift */ = {isa = PBXFileReference; lastKnownFileType = sourcecode.swift; path = AppDelegate.swift; sourceTree = "<group>"; };
		4D3637FF1AF26452001E054A /* ViewController.swift */ = {isa = PBXFileReference; lastKnownFileType = sourcecode.swift; path = ViewController.swift; sourceTree = "<group>"; };
		4D3638021AF26452001E054A /* Base */ = {isa = PBXFileReference; lastKnownFileType = file.storyboard; name = Base; path = Base.lproj/Main.storyboard; sourceTree = "<group>"; };
		4D3638041AF26452001E054A /* Images.xcassets */ = {isa = PBXFileReference; lastKnownFileType = folder.assetcatalog; path = Images.xcassets; sourceTree = "<group>"; };
		4D3638071AF26452001E054A /* Base */ = {isa = PBXFileReference; lastKnownFileType = file.xib; name = Base; path = Base.lproj/LaunchScreen.xib; sourceTree = "<group>"; };
		4D36380D1AF26452001E054A /* RidgeTests.xctest */ = {isa = PBXFileReference; explicitFileType = wrapper.cfbundle; includeInIndex = 0; path = RidgeTests.xctest; sourceTree = BUILT_PRODUCTS_DIR; };
		4D3638121AF26452001E054A /* Info.plist */ = {isa = PBXFileReference; lastKnownFileType = text.plist.xml; path = Info.plist; sourceTree = "<group>"; };
		4D3638131AF26452001E054A /* RidgeTests.swift */ = {isa = PBXFileReference; lastKnownFileType = sourcecode.swift; path = RidgeTests.swift; sourceTree = "<group>"; };
/* End PBXFileReference section */

/* Begin PBXFrameworksBuildPhase section */
		4D3637F51AF26452001E054A /* Frameworks */ = {
			isa = PBXFrameworksBuildPhase;
			buildActionMask = 2147483647;
			files = (
			);
			runOnlyForDeploymentPostprocessing = 0;
		};
		4D36380A1AF26452001E054A /* Frameworks */ = {
			isa = PBXFrameworksBuildPhase;
			buildActionMask = 2147483647;
			files = (
			);
			runOnlyForDeploymentPostprocessing = 0;
		};
/* End PBXFrameworksBuildPhase section */

/* Begin PBXGroup section */
		4D3637EF1AF26452001E054A = {
			isa = PBXGroup;
			children = (
				4D3637FA1AF26452001E054A /* Ridge */,
				4D3638101AF26452001E054A /* RidgeTests */,
				4D3637F91AF26452001E054A /* Products */,
			);
			sourceTree = "<group>";
		};
		4D3637F91AF26452001E054A /* Products */ = {
			isa = PBXGroup;
			children = (
				4D3637F81AF26452001E054A /* Ridge.app */,
				4D36380D1AF26452001E054A /* RidgeTests.xctest */,
			);
			name = Products;
			sourceTree = "<group>";
		};
		4D3637FA1AF26452001E054A /* Ridge */ = {
			isa = PBXGroup;
			children = (
				4D3637FD1AF26452001E054A /* AppDelegate.swift */,
				4D3637FF1AF26452001E054A /* ViewController.swift */,
				4D3638011AF26452001E054A /* Main.storyboard */,
				4D35D2E41B00E6D700A2813C /* AnnViewController.swift */,
				4D35D2DC1B00E4D200A2813C /* LeftMenuViewController.swift */,
				4D3638041AF26452001E054A /* Images.xcassets */,
				4D3638061AF26452001E054A /* LaunchScreen.xib */,
				4D3637FB1AF26452001E054A /* Supporting Files */,
			);
			path = Ridge;
			sourceTree = "<group>";
		};
		4D3637FB1AF26452001E054A /* Supporting Files */ = {
			isa = PBXGroup;
			children = (
				4D3637FC1AF26452001E054A /* Info.plist */,
				4D35D2D81B00E36B00A2813C /* References.md */,
				4D35D2DA1B00E3B900A2813C /* SSASideMenu.swift */,
			);
			name = "Supporting Files";
			sourceTree = "<group>";
		};
		4D3638101AF26452001E054A /* RidgeTests */ = {
			isa = PBXGroup;
			children = (
				4D3638131AF26452001E054A /* RidgeTests.swift */,
				4D3638111AF26452001E054A /* Supporting Files */,
			);
			path = RidgeTests;
			sourceTree = "<group>";
		};
		4D3638111AF26452001E054A /* Supporting Files */ = {
			isa = PBXGroup;
			children = (
				4D3638121AF26452001E054A /* Info.plist */,
			);
			name = "Supporting Files";
			sourceTree = "<group>";
		};
/* End PBXGroup section */

/* Begin PBXNativeTarget section */
		4D3637F71AF26452001E054A /* Ridge */ = {
			isa = PBXNativeTarget;
			buildConfigurationList = 4D3638171AF26452001E054A /* Build configuration list for PBXNativeTarget "Ridge" */;
			buildPhases = (
				4D3637F41AF26452001E054A /* Sources */,
				4D3637F51AF26452001E054A /* Frameworks */,
				4D3637F61AF26452001E054A /* Resources */,
			);
			buildRules = (
			);
			dependencies = (
			);
			name = Ridge;
			productName = Ridge;
			productReference = 4D3637F81AF26452001E054A /* Ridge.app */;
			productType = "com.apple.product-type.application";
		};
		4D36380C1AF26452001E054A /* RidgeTests */ = {
			isa = PBXNativeTarget;
			buildConfigurationList = 4D36381A1AF26452001E054A /* Build configuration list for PBXNativeTarget "RidgeTests" */;
			buildPhases = (
				4D3638091AF26452001E054A /* Sources */,
				4D36380A1AF26452001E054A /* Frameworks */,
				4D36380B1AF26452001E054A /* Resources */,
			);
			buildRules = (
			);
			dependencies = (
				4D36380F1AF26452001E054A /* PBXTargetDependency */,
			);
			name = RidgeTests;
			productName = RidgeTests;
			productReference = 4D36380D1AF26452001E054A /* RidgeTests.xctest */;
			productType = "com.apple.product-type.bundle.unit-test";
		};
/* End PBXNativeTarget section */

/* Begin PBXProject section */
		4D3637F01AF26452001E054A /* Project object */ = {
			isa = PBXProject;
			attributes = {
				LastUpgradeCheck = 0630;
				ORGANIZATIONNAME = "Justin Bush";
				TargetAttributes = {
					4D3637F71AF26452001E054A = {
						CreatedOnToolsVersion = 6.3.1;
					};
					4D36380C1AF26452001E054A = {
						CreatedOnToolsVersion = 6.3.1;
						TestTargetID = 4D3637F71AF26452001E054A;
					};
				};
			};
			buildConfigurationList = 4D3637F31AF26452001E054A /* Build configuration list for PBXProject "Ridge" */;
			compatibilityVersion = "Xcode 3.2";
			developmentRegion = English;
			hasScannedForEncodings = 0;
			knownRegions = (
				en,
				Base,
			);
			mainGroup = 4D3637EF1AF26452001E054A;
			productRefGroup = 4D3637F91AF26452001E054A /* Products */;
			projectDirPath = "";
			projectRoot = "";
			targets = (
				4D3637F71AF26452001E054A /* Ridge */,
				4D36380C1AF26452001E054A /* RidgeTests */,
			);
		};
/* End PBXProject section */

/* Begin PBXResourcesBuildPhase section */
		4D3637F61AF26452001E054A /* Resources */ = {
			isa = PBXResourcesBuildPhase;
			buildActionMask = 2147483647;
			files = (
				4D3638031AF26452001E054A /* Main.storyboard in Resources */,
				4D3638081AF26452001E054A /* LaunchScreen.xib in Resources */,
				4D3638051AF26452001E054A /* Images.xcassets in Resources */,
			);
			runOnlyForDeploymentPostprocessing = 0;
		};
		4D36380B1AF26452001E054A /* Resources */ = {
			isa = PBXResourcesBuildPhase;
			buildActionMask = 2147483647;
			files = (
			);
			runOnlyForDeploymentPostprocessing = 0;
		};
/* End PBXResourcesBuildPhase section */

/* Begin PBXSourcesBuildPhase section */
		4D3637F41AF26452001E054A /* Sources */ = {
			isa = PBXSourcesBuildPhase;
			buildActionMask = 2147483647;
			files = (
				4D35D2E51B00E6D700A2813C /* AnnViewController.swift in Sources */,
				4D3638001AF26452001E054A /* ViewController.swift in Sources */,
				4D35D2DB1B00E3B900A2813C /* SSASideMenu.swift in Sources */,
				4D3637FE1AF26452001E054A /* AppDelegate.swift in Sources */,
				4D35D2D91B00E36B00A2813C /* References.md in Sources */,
				4D35D2DD1B00E4D200A2813C /* LeftMenuViewController.swift in Sources */,
			);
			runOnlyForDeploymentPostprocessing = 0;
		};
		4D3638091AF26452001E054A /* Sources */ = {
			isa = PBXSourcesBuildPhase;
			buildActionMask = 2147483647;
			files = (
				4D3638141AF26452001E054A /* RidgeTests.swift in Sources */,
			);
			runOnlyForDeploymentPostprocessing = 0;
		};
/* End PBXSourcesBuildPhase section */

/* Begin PBXTargetDependency section */
		4D36380F1AF26452001E054A /* PBXTargetDependency */ = {
			isa = PBXTargetDependency;
			target = 4D3637F71AF26452001E054A /* Ridge */;
			targetProxy = 4D36380E1AF26452001E054A /* PBXContainerItemProxy */;
		};
/* End PBXTargetDependency section */

/* Begin PBXVariantGroup section */
		4D3638011AF26452001E054A /* Main.storyboard */ = {
			isa = PBXVariantGroup;
			children = (
				4D3638021AF26452001E054A /* Base */,
			);
			name = Main.storyboard;
			sourceTree = "<group>";
		};
		4D3638061AF26452001E054A /* LaunchScreen.xib */ = {
			isa = PBXVariantGroup;
			children = (
				4D3638071AF26452001E054A /* Base */,
			);
			name = LaunchScreen.xib;
			sourceTree = "<group>";
		};
/* End PBXVariantGroup section */

/* Begin XCBuildConfiguration section */
		4D3638151AF26452001E054A /* Debug */ = {
			isa = XCBuildConfiguration;
			buildSettings = {
				ALWAYS_SEARCH_USER_PATHS = NO;
				CLANG_CXX_LANGUAGE_STANDARD = "gnu++0x";
				CLANG_CXX_LIBRARY = "libc++";
				CLANG_ENABLE_MODULES = YES;
				CLANG_ENABLE_OBJC_ARC = YES;
				CLANG_WARN_BOOL_CONVERSION = YES;
				CLANG_WARN_CONSTANT_CONVERSION = YES;
				CLANG_WARN_DIRECT_OBJC_ISA_USAGE = YES_ERROR;
				CLANG_WARN_EMPTY_BODY = YES;
				CLANG_WARN_ENUM_CONVERSION = YES;
				CLANG_WARN_INT_CONVERSION = YES;
				CLANG_WARN_OBJC_ROOT_CLASS = YES_ERROR;
				CLANG_WARN_UNREACHABLE_CODE = YES;
				CLANG_WARN__DUPLICATE_METHOD_MATCH = YES;
				"CODE_SIGN_IDENTITY[sdk=iphoneos*]" = "iPhone Developer";
				COPY_PHASE_STRIP = NO;
				DEBUG_INFORMATION_FORMAT = "dwarf-with-dsym";
				ENABLE_STRICT_OBJC_MSGSEND = YES;
				GCC_C_LANGUAGE_STANDARD = gnu99;
				GCC_DYNAMIC_NO_PIC = NO;
				GCC_NO_COMMON_BLOCKS = YES;
				GCC_OPTIMIZATION_LEVEL = 0;
				GCC_PREPROCESSOR_DEFINITIONS = (
					"DEBUG=1",
					"$(inherited)",
				);
				GCC_SYMBOLS_PRIVATE_EXTERN = NO;
				GCC_WARN_64_TO_32_BIT_CONVERSION = YES;
				GCC_WARN_ABOUT_RETURN_TYPE = YES_ERROR;
				GCC_WARN_UNDECLARED_SELECTOR = YES;
				GCC_WARN_UNINITIALIZED_AUTOS = YES_AGGRESSIVE;
				GCC_WARN_UNUSED_FUNCTION = YES;
				GCC_WARN_UNUSED_VARIABLE = YES;
				IPHONEOS_DEPLOYMENT_TARGET = 8.3;
				MTL_ENABLE_DEBUG_INFO = YES;
				ONLY_ACTIVE_ARCH = YES;
				SDKROOT = iphoneos;
				SWIFT_OPTIMIZATION_LEVEL = "-Onone";
				TARGETED_DEVICE_FAMILY = "1,2";
			};
			name = Debug;
		};
		4D3638161AF26452001E054A /* Release */ = {
			isa = XCBuildConfiguration;
			buildSettings = {
				ALWAYS_SEARCH_USER_PATHS = NO;
				CLANG_CXX_LANGUAGE_STANDARD = "gnu++0x";
				CLANG_CXX_LIBRARY = "libc++";
				CLANG_ENABLE_MODULES = YES;
				CLANG_ENABLE_OBJC_ARC = YES;
				CLANG_WARN_BOOL_CONVERSION = YES;
				CLANG_WARN_CONSTANT_CONVERSION = YES;
				CLANG_WARN_DIRECT_OBJC_ISA_USAGE = YES_ERROR;
				CLANG_WARN_EMPTY_BODY = YES;
				CLANG_WARN_ENUM_CONVERSION = YES;
				CLANG_WARN_INT_CONVERSION = YES;
				CLANG_WARN_OBJC_ROOT_CLASS = YES_ERROR;
				CLANG_WARN_UNREACHABLE_CODE = YES;
				CLANG_WARN__DUPLICATE_METHOD_MATCH = YES;
				"CODE_SIGN_IDENTITY[sdk=iphoneos*]" = "iPhone Developer";
				COPY_PHASE_STRIP = NO;
				DEBUG_INFORMATION_FORMAT = "dwarf-with-dsym";
				ENABLE_NS_ASSERTIONS = NO;
				ENABLE_STRICT_OBJC_MSGSEND = YES;
				GCC_C_LANGUAGE_STANDARD = gnu99;
				GCC_NO_COMMON_BLOCKS = YES;
				GCC_WARN_64_TO_32_BIT_CONVERSION = YES;
				GCC_WARN_ABOUT_RETURN_TYPE = YES_ERROR;
				GCC_WARN_UNDECLARED_SELECTOR = YES;
				GCC_WARN_UNINITIALIZED_AUTOS = YES_AGGRESSIVE;
				GCC_WARN_UNUSED_FUNCTION = YES;
				GCC_WARN_UNUSED_VARIABLE = YES;
				IPHONEOS_DEPLOYMENT_TARGET = 8.3;
				MTL_ENABLE_DEBUG_INFO = NO;
				SDKROOT = iphoneos;
				TARGETED_DEVICE_FAMILY = "1,2";
				VALIDATE_PRODUCT = YES;
			};
			name = Release;
		};
		4D3638181AF26452001E054A /* Debug */ = {
			isa = XCBuildConfiguration;
			buildSettings = {
				ASSETCATALOG_COMPILER_APPICON_NAME = AppIcon;
				INFOPLIST_FILE = Ridge/Info.plist;
				LD_RUNPATH_SEARCH_PATHS = "$(inherited) @executable_path/Frameworks";
				PRODUCT_NAME = "$(TARGET_NAME)";
			};
			name = Debug;
		};
		4D3638191AF26452001E054A /* Release */ = {
			isa = XCBuildConfiguration;
			buildSettings = {
				ASSETCATALOG_COMPILER_APPICON_NAME = AppIcon;
				INFOPLIST_FILE = Ridge/Info.plist;
				LD_RUNPATH_SEARCH_PATHS = "$(inherited) @executable_path/Frameworks";
				PRODUCT_NAME = "$(TARGET_NAME)";
			};
			name = Release;
		};
		4D36381B1AF26452001E054A /* Debug */ = {
			isa = XCBuildConfiguration;
			buildSettings = {
				BUNDLE_LOADER = "$(TEST_HOST)";
				FRAMEWORK_SEARCH_PATHS = (
					"$(SDKROOT)/Developer/Library/Frameworks",
					"$(inherited)",
				);
				GCC_PREPROCESSOR_DEFINITIONS = (
					"DEBUG=1",
					"$(inherited)",
				);
				INFOPLIST_FILE = RidgeTests/Info.plist;
				LD_RUNPATH_SEARCH_PATHS = "$(inherited) @executable_path/Frameworks @loader_path/Frameworks";
				PRODUCT_NAME = "$(TARGET_NAME)";
				TEST_HOST = "$(BUILT_PRODUCTS_DIR)/Ridge.app/Ridge";
			};
			name = Debug;
		};
		4D36381C1AF26452001E054A /* Release */ = {
			isa = XCBuildConfiguration;
			buildSettings = {
				BUNDLE_LOADER = "$(TEST_HOST)";
				FRAMEWORK_SEARCH_PATHS = (
					"$(SDKROOT)/Developer/Library/Frameworks",
					"$(inherited)",
				);
				INFOPLIST_FILE = RidgeTests/Info.plist;
				LD_RUNPATH_SEARCH_PATHS = "$(inherited) @executable_path/Frameworks @loader_path/Frameworks";
				PRODUCT_NAME = "$(TARGET_NAME)";
				TEST_HOST = "$(BUILT_PRODUCTS_DIR)/Ridge.app/Ridge";
			};
			name = Release;
		};
/* End XCBuildConfiguration section */

/* Begin XCConfigurationList section */
		4D3637F31AF26452001E054A /* Build configuration list for PBXProject "Ridge" */ = {
			isa = XCConfigurationList;
			buildConfigurations = (
				4D3638151AF26452001E054A /* Debug */,
				4D3638161AF26452001E054A /* Release */,
			);
			defaultConfigurationIsVisible = 0;
			defaultConfigurationName = Release;
		};
		4D3638171AF26452001E054A /* Build configuration list for PBXNativeTarget "Ridge" */ = {
			isa = XCConfigurationList;
			buildConfigurations = (
				4D3638181AF26452001E054A /* Debug */,
				4D3638191AF26452001E054A /* Release */,
			);
			defaultConfigurationIsVisible = 0;
			defaultConfigurationName = Release;
		};
		4D36381A1AF26452001E054A /* Build configuration list for PBXNativeTarget "RidgeTests" */ = {
			isa = XCConfigurationList;
			buildConfigurations = (
				4D36381B1AF26452001E054A /* Debug */,
				4D36381C1AF26452001E054A /* Release */,
			);
			defaultConfigurationIsVisible = 0;
			defaultConfigurationName = Release;
		};
/* End XCConfigurationList section */
	};
	rootObject = 4D3637F01AF26452001E054A /* Project object */;
}
